
Microsoft Visual Studio Solution File, Format Version 12.00
# Visual Studio Version 17
VisualStudioVersion = 17.8.34309.116
MinimumVisualStudioVersion = 10.0.40219.1
Project("{9A19103F-16F7-4668-BE54-9A1E7A4F7556}") = "LogisticsManagement", "LogisticsManagement\LogisticsManagement.csproj", "{51852FD9-4D4D-461B-9643-529DB56F1E7D}"
EndProject
Project("{9A19103F-16F7-4668-BE54-9A1E7A4F7556}") = "BusinessLayer", "BusinessLayer\BusinessLayer.csproj", "{70B03D64-D653-4478-9813-AB0E3713BCE4}"
EndProject
Project("{9A19103F-16F7-4668-BE54-9A1E7A4F7556}") = "DataAccess", "DataAccess\DataAccess.csproj", "{219D12FC-B325-4E04-AB6A-528224E35653}"
EndProject
Global
	GlobalSection(SolutionConfigurationPlatforms) = preSolution
		Debug|Any CPU = Debug|Any CPU
		Release|Any CPU = Release|Any CPU
	EndGlobalSection
	GlobalSection(ProjectConfigurationPlatforms) = postSolution
		{51852FD9-4D4D-461B-9643-529DB56F1E7D}.Debug|Any CPU.ActiveCfg = Debug|Any CPU
		{51852FD9-4D4D-461B-9643-529DB56F1E7D}.Debug|Any CPU.Build.0 = Debug|Any CPU
		{51852FD9-4D4D-461B-9643-529DB56F1E7D}.Release|Any CPU.ActiveCfg = Release|Any CPU
		{51852FD9-4D4D-461B-9643-529DB56F1E7D}.Release|Any CPU.Build.0 = Release|Any CPU
		{70B03D64-D653-4478-9813-AB0E3713BCE4}.Debug|Any CPU.ActiveCfg = Debug|Any CPU
		{70B03D64-D653-4478-9813-AB0E3713BCE4}.Debug|Any CPU.Build.0 = Debug|Any CPU
		{70B03D64-D653-4478-9813-AB0E3713BCE4}.Release|Any CPU.ActiveCfg = Release|Any CPU
		{70B03D64-D653-4478-9813-AB0E3713BCE4}.Release|Any CPU.Build.0 = Release|Any CPU
		{219D12FC-B325-4E04-AB6A-528224E35653}.Debug|Any CPU.ActiveCfg = Debug|Any CPU
		{219D12FC-B325-4E04-AB6A-528224E35653}.Debug|Any CPU.Build.0 = Debug|Any CPU
		{219D12FC-B325-4E04-AB6A-528224E35653}.Release|Any CPU.ActiveCfg = Release|Any CPU
		{219D12FC-B325-4E04-AB6A-528224E35653}.Release|Any CPU.Build.0 = Release|Any CPU
	EndGlobalSection
	GlobalSection(SolutionProperties) = preSolution
		HideSolutionNode = FALSE
	EndGlobalSection
	GlobalSection(ExtensibilityGlobals) = postSolution
		SolutionGuid = {25304C12-3EB7-42B9-9DC0-599B8CE3330B}
	EndGlobalSection
EndGlobal
